{
  "requires": true,
  "lockfileVersion": 1,
  "dependencies": {
    "jquery": {
      "version": "3.5.1",
      "resolved": "https://registry.npm.taobao.org/jquery/download/jquery-3.5.1.tgz",
      "integrity": "sha1-17TQjhv9uGrS8aPQOeoXMEcXq7U="
    },
    "vue-router": {
      "version": "3.4.9",
      "resolved": "https://registry.npm.taobao.org/vue-router/download/vue-router-3.4.9.tgz?cache=0&sync_timestamp=1607347242432&other_urls=https%3A%2F%2Fregistry.npm.taobao.org%2Fvue-router%2Fdownload%2Fvue-router-3.4.9.tgz",
      "integrity": "sha1-wBb0IDCuKTLxTkdIs5odmg4lDmY=",
      "dev": true
    }
  }
}
